
Microsoft Visual Studio Solution File, Format Version 12.00
# Visual Studio Version 17
VisualStudioVersion = 17.14.37516.0
MinimumVisualStudioVersion = 10.0.40219.1
Project("{FAE04EC0-301F-11D3-BF4B-00C04F79EFBC}") = "CapaModelo_BtnBusqueda", "CapaModelo_BtnBusqueda\CapaModelo_BtnBusqueda.csproj", "{D0861310-CEBA-4525-806B-39AD43D500BE}"
EndProject
Project("{FAE04EC0-301F-11D3-BF4B-00C04F79EFBC}") = "CapaVista_BtnBusqueda", "CapaVista_BtnBusqueda\CapaVista_BtnBusqueda.csproj", "{4EF0062B-4B07-48E9-8854-CEE27F542AA3}"
EndProject
Project("{FAE04EC0-301F-11D3-BF4B-00C04F79EFBC}") = "CapaControlador_BtnBusqueda", "CapaControlador_BtnBusqueda\CapaControlador_BtnBusqueda.csproj", "{5FA4ADCD-A1F5-4971-A7F9-B8FF50DB706D}"
EndProject
Global
	GlobalSection(SolutionConfigurationPlatforms) = preSolution
		Debug|Any CPU = Debug|Any CPU
		Release|Any CPU = Release|Any CPU
	EndGlobalSection
	GlobalSection(ProjectConfigurationPlatforms) = postSolution
		{D0861310-CEBA-4525-806B-39AD43D500BE}.Debug|Any CPU.ActiveCfg = Debug|Any CPU
		{D0861310-CEBA-4525-806B-39AD43D500BE}.Debug|Any CPU.Build.0 = Debug|Any CPU
		{D0861310-CEBA-4525-806B-39AD43D500BE}.Release|Any CPU.ActiveCfg = Release|Any CPU
		{D0861310-CEBA-4525-806B-39AD43D500BE}.Release|Any CPU.Build.0 = Release|Any CPU
		{4EF0062B-4B07-48E9-8854-CEE27F542AA3}.Debug|Any CPU.ActiveCfg = Debug|Any CPU
		{4EF0062B-4B07-48E9-8854-CEE27F542AA3}.Debug|Any CPU.Build.0 = Debug|Any CPU
		{4EF0062B-4B07-48E9-8854-CEE27F542AA3}.Release|Any CPU.ActiveCfg = Release|Any CPU
		{4EF0062B-4B07-48E9-8854-CEE27F542AA3}.Release|Any CPU.Build.0 = Release|Any CPU
		{5FA4ADCD-A1F5-4971-A7F9-B8FF50DB706D}.Debug|Any CPU.ActiveCfg = Debug|Any CPU
		{5FA4ADCD-A1F5-4971-A7F9-B8FF50DB706D}.Debug|Any CPU.Build.0 = Debug|Any CPU
		{5FA4ADCD-A1F5-4971-A7F9-B8FF50DB706D}.Release|Any CPU.ActiveCfg = Release|Any CPU
		{5FA4ADCD-A1F5-4971-A7F9-B8FF50DB706D}.Release|Any CPU.Build.0 = Release|Any CPU
	EndGlobalSection
	GlobalSection(SolutionProperties) = preSolution
		HideSolutionNode = FALSE
	EndGlobalSection
	GlobalSection(ExtensibilityGlobals) = postSolution
		SolutionGuid = {8C6E430F-EFD3-4BD7-8397-016A88246B34}
	EndGlobalSection
EndGlobal
