
Microsoft Visual Studio Solution File, Format Version 12.00
# Visual Studio Version 17
VisualStudioVersion = 17.14.37516.0
MinimumVisualStudioVersion = 10.0.40219.1
Project("{FAE04EC0-301F-11D3-BF4B-00C04F79EFBC}") = "CapaVista_BtnRuta", "CapaVista_BtnRuta\CapaVista_BtnRuta.csproj", "{EDCAE231-6D19-46E3-945E-16685E4095D4}"
EndProject
Project("{FAE04EC0-301F-11D3-BF4B-00C04F79EFBC}") = "CapaModelo_BtnRuta", "CapaModelo_BtnRuta\CapaModelo_BtnRuta.csproj", "{2376CA88-13D7-41FA-B98F-8B17F23C41C2}"
EndProject
Project("{FAE04EC0-301F-11D3-BF4B-00C04F79EFBC}") = "CapaControlador_BtnRuta", "CapaControlador_BtnRuta\CapaControlador_BtnRuta.csproj", "{1494D719-3202-46D8-B499-F4E5C486866C}"
EndProject
Global
	GlobalSection(SolutionConfigurationPlatforms) = preSolution
		Debug|Any CPU = Debug|Any CPU
		Release|Any CPU = Release|Any CPU
	EndGlobalSection
	GlobalSection(ProjectConfigurationPlatforms) = postSolution
		{EDCAE231-6D19-46E3-945E-16685E4095D4}.Debug|Any CPU.ActiveCfg = Debug|Any CPU
		{EDCAE231-6D19-46E3-945E-16685E4095D4}.Debug|Any CPU.Build.0 = Debug|Any CPU
		{EDCAE231-6D19-46E3-945E-16685E4095D4}.Release|Any CPU.ActiveCfg = Release|Any CPU
		{EDCAE231-6D19-46E3-945E-16685E4095D4}.Release|Any CPU.Build.0 = Release|Any CPU
		{2376CA88-13D7-41FA-B98F-8B17F23C41C2}.Debug|Any CPU.ActiveCfg = Debug|Any CPU
		{2376CA88-13D7-41FA-B98F-8B17F23C41C2}.Debug|Any CPU.Build.0 = Debug|Any CPU
		{2376CA88-13D7-41FA-B98F-8B17F23C41C2}.Release|Any CPU.ActiveCfg = Release|Any CPU
		{2376CA88-13D7-41FA-B98F-8B17F23C41C2}.Release|Any CPU.Build.0 = Release|Any CPU
		{1494D719-3202-46D8-B499-F4E5C486866C}.Debug|Any CPU.ActiveCfg = Debug|Any CPU
		{1494D719-3202-46D8-B499-F4E5C486866C}.Debug|Any CPU.Build.0 = Debug|Any CPU
		{1494D719-3202-46D8-B499-F4E5C486866C}.Release|Any CPU.ActiveCfg = Release|Any CPU
		{1494D719-3202-46D8-B499-F4E5C486866C}.Release|Any CPU.Build.0 = Release|Any CPU
	EndGlobalSection
	GlobalSection(SolutionProperties) = preSolution
		HideSolutionNode = FALSE
	EndGlobalSection
	GlobalSection(ExtensibilityGlobals) = postSolution
		SolutionGuid = {0B7B6EE3-0D61-455C-B6F9-67EF78B9BE9F}
	EndGlobalSection
EndGlobal
