
Microsoft Visual Studio Solution File, Format Version 12.00
# Visual Studio Version 17
VisualStudioVersion = 17.14.37516.0 d17.14
MinimumVisualStudioVersion = 10.0.40219.1
Project("{FAE04EC0-301F-11D3-BF4B-00C04F79EFBC}") = "BtnEditar", "BtnEditar\BtnEditar.csproj", "{7B24F783-1DAE-4B49-986E-DB90C9B7AB9E}"
EndProject
Project("{FAE04EC0-301F-11D3-BF4B-00C04F79EFBC}") = "CapaModelo_BtnEditar", "CapaModelo_BtnEditar\CapaModelo_BtnEditar.csproj", "{43F72F29-043B-4411-8DDD-B24870B402DF}"
EndProject
Project("{FAE04EC0-301F-11D3-BF4B-00C04F79EFBC}") = "CapaControlador_BtnEditar", "CapaControlador_BtnEditar\CapaControlador_BtnEditar.csproj", "{B699019B-07A3-4BFA-A94C-DA55A9E04C0A}"
EndProject
Project("{FAE04EC0-301F-11D3-BF4B-00C04F79EFBC}") = "CapaVista_BtnEditar", "CapaVista_BtnEditar\CapaVista_BtnEditar.csproj", "{731DD0B3-F3C7-4C8E-9FC0-1934408E6910}"
EndProject
Global
	GlobalSection(SolutionConfigurationPlatforms) = preSolution
		Debug|Any CPU = Debug|Any CPU
		Release|Any CPU = Release|Any CPU
	EndGlobalSection
	GlobalSection(ProjectConfigurationPlatforms) = postSolution
		{7B24F783-1DAE-4B49-986E-DB90C9B7AB9E}.Debug|Any CPU.ActiveCfg = Debug|Any CPU
		{7B24F783-1DAE-4B49-986E-DB90C9B7AB9E}.Debug|Any CPU.Build.0 = Debug|Any CPU
		{7B24F783-1DAE-4B49-986E-DB90C9B7AB9E}.Release|Any CPU.ActiveCfg = Release|Any CPU
		{7B24F783-1DAE-4B49-986E-DB90C9B7AB9E}.Release|Any CPU.Build.0 = Release|Any CPU
		{43F72F29-043B-4411-8DDD-B24870B402DF}.Debug|Any CPU.ActiveCfg = Debug|Any CPU
		{43F72F29-043B-4411-8DDD-B24870B402DF}.Debug|Any CPU.Build.0 = Debug|Any CPU
		{43F72F29-043B-4411-8DDD-B24870B402DF}.Release|Any CPU.ActiveCfg = Release|Any CPU
		{43F72F29-043B-4411-8DDD-B24870B402DF}.Release|Any CPU.Build.0 = Release|Any CPU
		{B699019B-07A3-4BFA-A94C-DA55A9E04C0A}.Debug|Any CPU.ActiveCfg = Debug|Any CPU
		{B699019B-07A3-4BFA-A94C-DA55A9E04C0A}.Debug|Any CPU.Build.0 = Debug|Any CPU
		{B699019B-07A3-4BFA-A94C-DA55A9E04C0A}.Release|Any CPU.ActiveCfg = Release|Any CPU
		{B699019B-07A3-4BFA-A94C-DA55A9E04C0A}.Release|Any CPU.Build.0 = Release|Any CPU
		{731DD0B3-F3C7-4C8E-9FC0-1934408E6910}.Debug|Any CPU.ActiveCfg = Debug|Any CPU
		{731DD0B3-F3C7-4C8E-9FC0-1934408E6910}.Debug|Any CPU.Build.0 = Debug|Any CPU
		{731DD0B3-F3C7-4C8E-9FC0-1934408E6910}.Release|Any CPU.ActiveCfg = Release|Any CPU
		{731DD0B3-F3C7-4C8E-9FC0-1934408E6910}.Release|Any CPU.Build.0 = Release|Any CPU
	EndGlobalSection
	GlobalSection(SolutionProperties) = preSolution
		HideSolutionNode = FALSE
	EndGlobalSection
	GlobalSection(ExtensibilityGlobals) = postSolution
		SolutionGuid = {7D7EE070-DF41-498E-8EE0-EB3079CE3F95}
	EndGlobalSection
EndGlobal
